Microsoft Visual Studio Solution File, Format Version 12.00
# Visual Studio 2012
Project("{FAE04EC0-301F-11D3-BF4B-00C04F79EFBC}") = "AntHill", "AntHill.csproj", "{947F4946-4746-4A48-B023-2C106A926717}"
EndProject
Global
	GlobalSection(SolutionConfigurationPlatforms) = preSolution
	Debug|Any CPU = Debug|Any CPU
	ExportDebug|Any CPU = ExportDebug|Any CPU
	ExportRelease|Any CPU = ExportRelease|Any CPU
	EndGlobalSection
	GlobalSection(ProjectConfigurationPlatforms) = postSolution
		{947F4946-4746-4A48-B023-2C106A926717}.Debug|Any CPU.ActiveCfg = Debug|Any CPU
		{947F4946-4746-4A48-B023-2C106A926717}.Debug|Any CPU.Build.0 = Debug|Any CPU
		{947F4946-4746-4A48-B023-2C106A926717}.ExportDebug|Any CPU.ActiveCfg = ExportDebug|Any CPU
		{947F4946-4746-4A48-B023-2C106A926717}.ExportDebug|Any CPU.Build.0 = ExportDebug|Any CPU
		{947F4946-4746-4A48-B023-2C106A926717}.ExportRelease|Any CPU.ActiveCfg = ExportRelease|Any CPU
		{947F4946-4746-4A48-B023-2C106A926717}.ExportRelease|Any CPU.Build.0 = ExportRelease|Any CPU
	EndGlobalSection
EndGlobal
